# THIS IS AN AUTOGENERATED FILE. DO NOT EDIT THIS FILE DIRECTLY.
# yarn lockfile v1


"@assemblyscript/loader@^0.13.3":
  version "0.13.4"
  resolved "https://registry.yarnpkg.com/@assemblyscript/loader/-/loader-0.13.4.tgz#ff46eefbd7d327c2b6928969681257fdd6ecd33a"
  integrity sha512-3GCdrXIePzv1k93Ni3KnXpXcfJk3EetNYdBdOQW4uVd9p7+0owthzNFdwz1rnVJB3OUnYLsHVlp8ZPyyqAeJJQ==

assemblyscript@^0.13.3:
  version "0.13.4"
  resolved "https://registry.yarnpkg.com/assemblyscript/-/assemblyscript-0.13.4.tgz#700be60e218b2aa07e7df58fb77473653e5b7880"
  integrity sha512-uTCjAQ6LcMuw+zMeJn8o9x10cyUuEPFladzxQ6/1ZvaJk9X1toeQICMARso8tlYhEY9Zjbhlv23EtLH2z1NWWQ==
  dependencies:
    binaryen "93.0.0-nightly.20200609"
    long "^4.0.0"

benchmark@^2.1.4:
  version "2.1.4"
  resolved "https://registry.yarnpkg.com/benchmark/-/benchmark-2.1.4.tgz#09f3de31c916425d498cc2ee565a0ebf3c2a5629"
  integrity sha1-CfPeMckWQl1JjMLuVloOvzwqVik=
  dependencies:
    lodash "^4.17.4"
    platform "^1.3.3"

binaryen@93.0.0-nightly.20200609:
  version "93.0.0-nightly.20200609"
  resolved "https://registry.yarnpkg.com/binaryen/-/binaryen-93.0.0-nightly.20200609.tgz#e7c9211911c0cff94b8682e895e4de630f110cd5"
  integrity sha512-CIaeav05u+fWRN2h1ecwIoSaOF/Mk6U85M/G6eg1nOHAXYYmOuh9TztF9Fu8krRWnl98J3W+VfDClApMV5zCtw==

dnaviz@^1.0.0-0:
  version "1.0.0-0"
  resolved "https://registry.yarnpkg.com/dnaviz/-/dnaviz-1.0.0-0.tgz#785fda3d2ff15ad460f7e7ac82811ef1c4efa943"
  integrity sha512-e4VqX6kqib3jWu8MoLO6TTquRqguPlT0O4y1MKl8+eUZfVGrL63mwUyGOhlDSZkyA/B9/GjxT6KayTjzYg2SJQ==

lodash@^4.17.4:
  version "4.17.19"
  resolved "https://registry.yarnpkg.com/lodash/-/lodash-4.17.19.tgz#e48ddedbe30b3321783c5b4301fbd353bc1e4a4b"
  integrity sha512-JNvd8XER9GQX0v2qJgsaN/mzFCNA5BRe/j8JN9d+tWyGLSodKQHKFicdwNYzWwI3wjRnaKPsGj1XkBjx/F96DQ==

long@^4.0.0:
  version "4.0.0"
  resolved "https://registry.yarnpkg.com/long/-/long-4.0.0.tgz#9a7b71cfb7d361a194ea555241c92f7468d5bf28"
  integrity sha512-XsP+KhQif4bjX1kbuSiySJFNAehNxgLb6hPRGJ9QsUr8ajHkuXGdrHmFUTUUXhDwVX2R5bY4JNZEwbUiMhV+MA==

platform@^1.3.3:
  version "1.3.6"
  resolved "https://registry.yarnpkg.com/platform/-/platform-1.3.6.tgz#48b4ce983164b209c2d45a107adb31f473a6e7a7"
  integrity sha512-fnWVljUchTro6RiCFvCXBbNhJc2NijN7oIQxbwsyL0buWJPG85v81ehlHI9fXrJsMNgTofEoWIQeClKpgxFLrg==
